
Microsoft Visual Studio Solution File, Format Version 12.00
# Visual Studio Version 17
VisualStudioVersion = 17.9.34616.47
MinimumVisualStudioVersion = 10.0.40219.1
Project("{FAE04EC0-301F-11D3-BF4B-00C04F79EFBC}") = "funcionario", "funcionario\funcionario.csproj", "{50CEF746-86A9-43F0-8EF5-FA3A394DA904}"
EndProject
Global
	GlobalSection(SolutionConfigurationPlatforms) = preSolution
		Debug|Any CPU = Debug|Any CPU
		Release|Any CPU = Release|Any CPU
	EndGlobalSection
	GlobalSection(ProjectConfigurationPlatforms) = postSolution
		{50CEF746-86A9-43F0-8EF5-FA3A394DA904}.Debug|Any CPU.ActiveCfg = Debug|Any CPU
		{50CEF746-86A9-43F0-8EF5-FA3A394DA904}.Debug|Any CPU.Build.0 = Debug|Any CPU
		{50CEF746-86A9-43F0-8EF5-FA3A394DA904}.Release|Any CPU.ActiveCfg = Release|Any CPU
		{50CEF746-86A9-43F0-8EF5-FA3A394DA904}.Release|Any CPU.Build.0 = Release|Any CPU
	EndGlobalSection
	GlobalSection(SolutionProperties) = preSolution
		HideSolutionNode = FALSE
	EndGlobalSection
	GlobalSection(ExtensibilityGlobals) = postSolution
		SolutionGuid = {4E08B55F-D060-4600-8493-CFE621E75365}
	EndGlobalSection
EndGlobal
